
Microsoft Visual Studio Solution File, Format Version 12.00
# Visual Studio Version 17
VisualStudioVersion = 17.4.33103.184
MinimumVisualStudioVersion = 10.0.40219.1
Project("{FAE04EC0-301F-11D3-BF4B-00C04F79EFBC}") = "Cozmaciuc_Mihai_Laborator2", "Cozmaciuc_Mihai_Laborator2.csproj", "{77C3AF56-6D6C-48E9-BC38-C4B9A8516B41}"
EndProject
Global
	GlobalSection(SolutionConfigurationPlatforms) = preSolution
		Debug|Any CPU = Debug|Any CPU
		Release|Any CPU = Release|Any CPU
	EndGlobalSection
	GlobalSection(ProjectConfigurationPlatforms) = postSolution
		{77C3AF56-6D6C-48E9-BC38-C4B9A8516B41}.Debug|Any CPU.ActiveCfg = Debug|Any CPU
		{77C3AF56-6D6C-48E9-BC38-C4B9A8516B41}.Debug|Any CPU.Build.0 = Debug|Any CPU
		{77C3AF56-6D6C-48E9-BC38-C4B9A8516B41}.Release|Any CPU.ActiveCfg = Release|Any CPU
		{77C3AF56-6D6C-48E9-BC38-C4B9A8516B41}.Release|Any CPU.Build.0 = Release|Any CPU
	EndGlobalSection
	GlobalSection(SolutionProperties) = preSolution
		HideSolutionNode = FALSE
	EndGlobalSection
	GlobalSection(ExtensibilityGlobals) = postSolution
		SolutionGuid = {83AC7C01-0CB1-4B06-9B43-67331342B44F}
	EndGlobalSection
EndGlobal
